
Microsoft Visual Studio Solution File, Format Version 12.00
# Visual Studio Version 16
VisualStudioVersion = 16.0.30621.155
MinimumVisualStudioVersion = 10.0.40219.1
Project("{FAE04EC0-301F-11D3-BF4B-00C04F79EFBC}") = "Loops", "Loops.csproj", "{553096AC-63FB-4FF4-B2FC-3B52D9C65AD0}"
EndProject
Global
	GlobalSection(SolutionConfigurationPlatforms) = preSolution
		Debug|Any CPU = Debug|Any CPU
		Release|Any CPU = Release|Any CPU
	EndGlobalSection
	GlobalSection(ProjectConfigurationPlatforms) = postSolution
		{553096AC-63FB-4FF4-B2FC-3B52D9C65AD0}.Debug|Any CPU.ActiveCfg = Debug|Any CPU
		{553096AC-63FB-4FF4-B2FC-3B52D9C65AD0}.Debug|Any CPU.Build.0 = Debug|Any CPU
		{553096AC-63FB-4FF4-B2FC-3B52D9C65AD0}.Release|Any CPU.ActiveCfg = Release|Any CPU
		{553096AC-63FB-4FF4-B2FC-3B52D9C65AD0}.Release|Any CPU.Build.0 = Release|Any CPU
	EndGlobalSection
	GlobalSection(SolutionProperties) = preSolution
		HideSolutionNode = FALSE
	EndGlobalSection
	GlobalSection(ExtensibilityGlobals) = postSolution
		SolutionGuid = {CD7C729C-877D-4C83-B24A-CA725B88267B}
	EndGlobalSection
EndGlobal
