
Microsoft Visual Studio Solution File, Format Version 12.00
# Visual Studio Version 16
VisualStudioVersion = 16.0.30621.155
MinimumVisualStudioVersion = 10.0.40219.1
Project("{FAE04EC0-301F-11D3-BF4B-00C04F79EFBC}") = "FunctionMethods", "FunctionMethods\FunctionMethods.csproj", "{1945C2DA-04F3-416C-B7BC-58836107B58A}"
EndProject
Global
	GlobalSection(SolutionConfigurationPlatforms) = preSolution
		Debug|Any CPU = Debug|Any CPU
		Release|Any CPU = Release|Any CPU
	EndGlobalSection
	GlobalSection(ProjectConfigurationPlatforms) = postSolution
		{1945C2DA-04F3-416C-B7BC-58836107B58A}.Debug|Any CPU.ActiveCfg = Debug|Any CPU
		{1945C2DA-04F3-416C-B7BC-58836107B58A}.Debug|Any CPU.Build.0 = Debug|Any CPU
		{1945C2DA-04F3-416C-B7BC-58836107B58A}.Release|Any CPU.ActiveCfg = Release|Any CPU
		{1945C2DA-04F3-416C-B7BC-58836107B58A}.Release|Any CPU.Build.0 = Release|Any CPU
	EndGlobalSection
	GlobalSection(SolutionProperties) = preSolution
		HideSolutionNode = FALSE
	EndGlobalSection
	GlobalSection(ExtensibilityGlobals) = postSolution
		SolutionGuid = {D4D21AF2-323B-40CC-8180-DEA35EABFDF2}
	EndGlobalSection
EndGlobal
